
Microsoft Visual Studio Solution File, Format Version 12.00
# Visual Studio Version 17
VisualStudioVersion = 17.0.32014.148
MinimumVisualStudioVersion = 10.0.40219.1
Project("{2150E333-8FDC-42A3-9474-1A3956D46DE8}") = "Solution Items", "Solution Items", "{5DD84426-132B-4C1F-9618-93535F5E8261}"
	ProjectSection(SolutionItems) = preProject
		.editorconfig = .editorconfig
		.gitignore = .gitignore
		changelog.md = changelog.md
		changelog.txt = changelog.txt
		COPYING = COPYING
		Directory.Build.props = Directory.Build.props
		README.md = README.md
	EndProjectSection
EndProject
Project("{9A19103F-16F7-4668-BE54-9A1E7A4F7556}") = "AGauge", "src\AGauge\AGauge.csproj", "{26B20188-43CD-4656-BB75-743C970455B0}"
EndProject
Project("{F184B08F-C81C-45F6-A57F-5ABD9991F28F}") = "WinNUT-Client_Common", "src\WinNUT-Client_Common\WinNUT-Client_Common.vbproj", "{9074CE60-DB9A-4BDF-B851-6EAB8A81F366}"
EndProject
Project("{F184B08F-C81C-45F6-A57F-5ABD9991F28F}") = "WinNUT-client", "src\WinNUT_GUI\WinNUT-client.vbproj", "{194AB29D-1F80-497B-86BE-4F35DACBA6BC}"
EndProject
Global
	GlobalSection(SolutionConfigurationPlatforms) = preSolution
		Debug|Any CPU = Debug|Any CPU
		Release|Any CPU = Release|Any CPU
	EndGlobalSection
	GlobalSection(ProjectConfigurationPlatforms) = postSolution
		{26B20188-43CD-4656-BB75-743C970455B0}.Debug|Any CPU.ActiveCfg = Debug|Any CPU
		{26B20188-43CD-4656-BB75-743C970455B0}.Debug|Any CPU.Build.0 = Debug|Any CPU
		{26B20188-43CD-4656-BB75-743C970455B0}.Release|Any CPU.ActiveCfg = Release|Any CPU
		{26B20188-43CD-4656-BB75-743C970455B0}.Release|Any CPU.Build.0 = Release|Any CPU
		{9074CE60-DB9A-4BDF-B851-6EAB8A81F366}.Debug|Any CPU.ActiveCfg = Debug|Any CPU
		{9074CE60-DB9A-4BDF-B851-6EAB8A81F366}.Debug|Any CPU.Build.0 = Debug|Any CPU
		{9074CE60-DB9A-4BDF-B851-6EAB8A81F366}.Release|Any CPU.ActiveCfg = Release|Any CPU
		{9074CE60-DB9A-4BDF-B851-6EAB8A81F366}.Release|Any CPU.Build.0 = Release|Any CPU
		{194AB29D-1F80-497B-86BE-4F35DACBA6BC}.Debug|Any CPU.ActiveCfg = Debug|Any CPU
		{194AB29D-1F80-497B-86BE-4F35DACBA6BC}.Debug|Any CPU.Build.0 = Debug|Any CPU
		{194AB29D-1F80-497B-86BE-4F35DACBA6BC}.Release|Any CPU.ActiveCfg = Release|Any CPU
		{194AB29D-1F80-497B-86BE-4F35DACBA6BC}.Release|Any CPU.Build.0 = Release|Any CPU
	EndGlobalSection
	GlobalSection(SolutionProperties) = preSolution
		HideSolutionNode = FALSE
	EndGlobalSection
	GlobalSection(ExtensibilityGlobals) = postSolution
		SolutionGuid = {67D03C8E-4204-40C3-BB9A-57E7F542C832}
	EndGlobalSection
EndGlobal
